# THIS IS AN AUTOGENERATED FILE. DO NOT EDIT THIS FILE DIRECTLY.
# yarn lockfile v1


"@types/vscode@^1.74.0":
  version "1.105.0"
  resolved "https://registry.yarnpkg.com/@types/vscode/-/vscode-1.105.0.tgz#774c54cdb62409afeb0cb2a96f75c2e06ef3f97a"
  integrity sha512-Lotk3CTFlGZN8ray4VxJE7axIyLZZETQJVWi/lYoUVQuqfRxlQhVOfoejsD2V3dVXPSbS15ov5ZyowMAzgUqcw==
